github.com/google/uuid v1.6.0 h1:NIvaJDMOsjHA8n1jAhLSgzrAzy1Hgr+hNrb57e+94F0=
github.com/google/uuid v1.6.0/go.mod h1:TIyPZe4MgqvfeYDBFedMoGGpEw/LqOeaOT+nhxU+yHo=
google.golang.org/protobuf v1.34.2 h1:6xV6lTsCfpGD21XK49h7MhtcApnLqkfYgPcdHftf6hg=
google.golang.org/protobuf v1.34.2/go.mod h1:qYOHts0dSfpeUzUFpOMr/WGzszTmLH+DiWniOlNbLDw=
google.golang.org/protobuf v1.36.0 h1:mjIs9gYtt56AzC4ZaffQuh88TZurBGhIJMBZGSxNerQ=
google.golang.org/protobuf v1.36.0/go.mod h1:9fA7Ob0pmnwhb644+1+CVWFRbNajQ6iRojtC/QF5bRE=
